// !$*UTF8*$!
{
	archiveVersion = 1;
	classes = {
	};
	objectVersion = 50;
	objects = {

/* Begin PBXBuildFile section */
		1F0E2EB122B73E5500CD77A9 /* DiscoverTableViewController.swift in Sources */ = {isa = PBXBuildFile; fileRef = 1F0E2EB022B73E5500CD77A9 /* DiscoverTableViewController.swift */; };
		1F0E2EB322B73F7500CD77A9 /* DiscoverTableViewCell.swift in Sources */ = {isa = PBXBuildFile; fileRef = 1F0E2EB222B73F7500CD77A9 /* DiscoverTableViewCell.swift */; };
		1F21978222C5F10900AC435A /* TimeInterval+now.swift in Sources */ = {isa = PBXBuildFile; fileRef = 1F21978122C5F10900AC435A /* TimeInterval+now.swift */; };
		1F3B25B522B87EEB00F1B2CA /* WNCoverImage.swift in Sources */ = {isa = PBXBuildFile; fileRef = 1F3B25B422B87EEB00F1B2CA /* WNCoverImage.swift */; };
		1F3F105F22D5825900BCD32B /* DownloadedNovelProgressWrapperView.swift in Sources */ = {isa = PBXBuildFile; fileRef = 1F3F105E22D5825900BCD32B /* DownloadedNovelProgressWrapperView.swift */; };
		1F3F106122D5896100BCD32B /* UIProgressView+barHeight.swift in Sources */ = {isa = PBXBuildFile; fileRef = 1F3F106022D5896100BCD32B /* UIProgressView+barHeight.swift */; };
		1F3F106322D5913500BCD32B /* WNDownloadsManager.swift in Sources */ = {isa = PBXBuildFile; fileRef = 1F3F106222D5913500BCD32B /* WNDownloadsManager.swift */; };
		1F3F106722D5C7DE00BCD32B /* DownloadedNovelProgressTableViewCell.swift in Sources */ = {isa = PBXBuildFile; fileRef = 1F3F106622D5C7DE00BCD32B /* DownloadedNovelProgressTableViewCell.swift */; };
		1F3F106922D62D6700BCD32B /* TimeInterval+formattedString.swift in Sources */ = {isa = PBXBuildFile; fileRef = 1F3F106822D62D6700BCD32B /* TimeInterval+formattedString.swift */; };
		1F52AAE522B8D3F500D4FB6C /* WNServiceManager.swift in Sources */ = {isa = PBXBuildFile; fileRef = 1F52AAE422B8D3F500D4FB6C /* WNServiceManager.swift */; };
		1F52AAE722B8DC7100D4FB6C /* ListingServiceViewController.swift in Sources */ = {isa = PBXBuildFile; fileRef = 1F52AAE622B8DC7100D4FB6C /* ListingServiceViewController.swift */; };
		1F52AAE922B8E88800D4FB6C /* Notification.swift in Sources */ = {isa = PBXBuildFile; fileRef = 1F52AAE822B8E88800D4FB6C /* Notification.swift */; };
		1F52AAEC22B8EAFA00D4FB6C /* NSObject+observe.swift in Sources */ = {isa = PBXBuildFile; fileRef = 1F52AAEB22B8EAFA00D4FB6C /* NSObject+observe.swift */; };
		1F52AAEE22B901A300D4FB6C /* WNGenre.swift in Sources */ = {isa = PBXBuildFile; fileRef = 1F52AAED22B901A300D4FB6C /* WNGenre.swift */; };
		1F52AAF022B9B96300D4FB6C /* NUListingService.swift in Sources */ = {isa = PBXBuildFile; fileRef = 1F52AAEF22B9B96300D4FB6C /* NUListingService.swift */; };
		1F52AAF222BC88C600D4FB6C /* UIViewConroller+alert.swift in Sources */ = {isa = PBXBuildFile; fileRef = 1F52AAF122BC88C600D4FB6C /* UIViewConroller+alert.swift */; };
		1F8FBB4422C7176200B23F8D /* AddToDownloads.storyboard in Resources */ = {isa = PBXBuildFile; fileRef = 1F8FBB4322C7176200B23F8D /* AddToDownloads.storyboard */; };
		1F8FBB4622C718C200B23F8D /* ChapterReader.storyboard in Resources */ = {isa = PBXBuildFile; fileRef = 1F8FBB4522C718C200B23F8D /* ChapterReader.storyboard */; };
		1F8FBB4A22C71CE400B23F8D /* NovelDetails.storyboard in Resources */ = {isa = PBXBuildFile; fileRef = 1F8FBB4922C71CE400B23F8D /* NovelDetails.storyboard */; };
		1F8FBB4C22C72D7900B23F8D /* DownloadedNovelTableViewController.swift in Sources */ = {isa = PBXBuildFile; fileRef = 1F8FBB4B22C72D7900B23F8D /* DownloadedNovelTableViewController.swift */; };
		1F8FBB5022C73E1000B23F8D /* Data+size.swift in Sources */ = {isa = PBXBuildFile; fileRef = 1F8FBB4F22C73E1000B23F8D /* Data+size.swift */; };
		1F8FBB5222CB272600B23F8D /* DownloadedNovelSectionHeaderCell.swift in Sources */ = {isa = PBXBuildFile; fileRef = 1F8FBB5122CB272600B23F8D /* DownloadedNovelSectionHeaderCell.swift */; };
		1F9890A922BCCBAB00A09F3F /* InformationTableViewController.swift in Sources */ = {isa = PBXBuildFile; fileRef = 1F9890A822BCCBAB00A09F3F /* InformationTableViewController.swift */; };
		1F9890AB22BCDEE800A09F3F /* UIViewController+presentError.swift in Sources */ = {isa = PBXBuildFile; fileRef = 1F9890AA22BCDEE800A09F3F /* UIViewController+presentError.swift */; };
		1F9890AD22BCDF5B00A09F3F /* UIImage.swift in Sources */ = {isa = PBXBuildFile; fileRef = 1F9890AC22BCDF5B00A09F3F /* UIImage.swift */; };
		1F9890B122BCF1AE00A09F3F /* SectionHeaderTableViewCell.swift in Sources */ = {isa = PBXBuildFile; fileRef = 1F9890B022BCF1AE00A09F3F /* SectionHeaderTableViewCell.swift */; };
		1F9890B322BCF6D400A09F3F /* SummaryTableViewCell.swift in Sources */ = {isa = PBXBuildFile; fileRef = 1F9890B222BCF6D400A09F3F /* SummaryTableViewCell.swift */; };
		1F9890B522BD00F700A09F3F /* InformationTableViewCellDelegate.swift in Sources */ = {isa = PBXBuildFile; fileRef = 1F9890B422BD00F700A09F3F /* InformationTableViewCellDelegate.swift */; };
		1F9890B722BD096900A09F3F /* GenresTableViewCell.swift in Sources */ = {isa = PBXBuildFile; fileRef = 1F9890B622BD096900A09F3F /* GenresTableViewCell.swift */; };
		1F9890B922BD219700A09F3F /* GenreLabel.swift in Sources */ = {isa = PBXBuildFile; fileRef = 1F9890B822BD219700A09F3F /* GenreLabel.swift */; };
		1F9890BB22BDB24300A09F3F /* StatsTableViewCell.swift in Sources */ = {isa = PBXBuildFile; fileRef = 1F9890BA22BDB24300A09F3F /* StatsTableViewCell.swift */; };
		1F9890BD22BDDCFD00A09F3F /* FactTableViewCell.swift in Sources */ = {isa = PBXBuildFile; fileRef = 1F9890BC22BDDCFD00A09F3F /* FactTableViewCell.swift */; };
		1FCD41E722BF76EE0050ECEC /* WNCancellableTask.swift in Sources */ = {isa = PBXBuildFile; fileRef = 1FCD41E622BF76EE0050ECEC /* WNCancellableTask.swift */; };
		1FCD41E922C06E4C0050ECEC /* ChaptersTableViewController.swift in Sources */ = {isa = PBXBuildFile; fileRef = 1FCD41E822C06E4C0050ECEC /* ChaptersTableViewController.swift */; };
		1FCD41EB22C0713F0050ECEC /* ChapterTableViewCell.swift in Sources */ = {isa = PBXBuildFile; fileRef = 1FCD41EA22C0713F0050ECEC /* ChapterTableViewCell.swift */; };
		1FCD41ED22C0CA480050ECEC /* String+save.swift in Sources */ = {isa = PBXBuildFile; fileRef = 1FCD41EC22C0CA480050ECEC /* String+save.swift */; };
		1FCD41F722C1B3A70050ECEC /* Readability.swift in Sources */ = {isa = PBXBuildFile; fileRef = 1FCD41F622C1B3A70050ECEC /* Readability.swift */; };
		1FCD41F922C1B4510050ECEC /* Article.swift in Sources */ = {isa = PBXBuildFile; fileRef = 1FCD41F822C1B4500050ECEC /* Article.swift */; };
		1FCD41FB22C1B7BE0050ECEC /* Optional+losslessStr.swift in Sources */ = {isa = PBXBuildFile; fileRef = 1FCD41FA22C1B7BE0050ECEC /* Optional+losslessStr.swift */; };
		1FCD41FF22C1C2850050ECEC /* bundle.js in Resources */ = {isa = PBXBuildFile; fileRef = 1FCD41FE22C1C2850050ECEC /* bundle.js */; };
		1FCD420122C1C5B70050ECEC /* ChapterViewController.swift in Sources */ = {isa = PBXBuildFile; fileRef = 1FCD420022C1C5B70050ECEC /* ChapterViewController.swift */; };
		1FCD420522C1D5D00050ECEC /* ChapterOptionsTableViewController.swift in Sources */ = {isa = PBXBuildFile; fileRef = 1FCD420422C1D5D00050ECEC /* ChapterOptionsTableViewController.swift */; };
		1FCD420722C25AF60050ECEC /* FontFamilyTableViewController.swift in Sources */ = {isa = PBXBuildFile; fileRef = 1FCD420622C25AF60050ECEC /* FontFamilyTableViewController.swift */; };
		1FCD420B22C381A60050ECEC /* DownloadChaptersTableViewController.swift in Sources */ = {isa = PBXBuildFile; fileRef = 1FCD420A22C381A60050ECEC /* DownloadChaptersTableViewController.swift */; };
		1FCD420D22C384860050ECEC /* SelectableChapterTableViewCell.swift in Sources */ = {isa = PBXBuildFile; fileRef = 1FCD420C22C384860050ECEC /* SelectableChapterTableViewCell.swift */; };
		1FCD421522C5033F0050ECEC /* DownloadsCollectionViewController.swift in Sources */ = {isa = PBXBuildFile; fileRef = 1FCD421422C5033F0050ECEC /* DownloadsCollectionViewController.swift */; };
		1FCD421722C505750050ECEC /* DownloadsCollectionViewCell.swift in Sources */ = {isa = PBXBuildFile; fileRef = 1FCD421622C505750050ECEC /* DownloadsCollectionViewCell.swift */; };
		1FCD421922C5E54E0050ECEC /* DownloadsSectionHeaderView.swift in Sources */ = {isa = PBXBuildFile; fileRef = 1FCD421822C5E54E0050ECEC /* DownloadsSectionHeaderView.swift */; };
		1FCD421B22C5E57E0050ECEC /* DownloadsSectionFooterView.swift in Sources */ = {isa = PBXBuildFile; fileRef = 1FCD421A22C5E57E0050ECEC /* DownloadsSectionFooterView.swift */; };
		1FED6E3422B34C92002F9317 /* AppDelegate.swift in Sources */ = {isa = PBXBuildFile; fileRef = 1FED6E3322B34C92002F9317 /* AppDelegate.swift */; };
		1FED6E3922B34C92002F9317 /* Main.storyboard in Resources */ = {isa = PBXBuildFile; fileRef = 1FED6E3722B34C92002F9317 /* Main.storyboard */; };
		1FED6E3C22B34C92002F9317 /* WebNovel.xcdatamodeld in Sources */ = {isa = PBXBuildFile; fileRef = 1FED6E3A22B34C92002F9317 /* WebNovel.xcdatamodeld */; };
		1FED6E3E22B34C93002F9317 /* Assets.xcassets in Resources */ = {isa = PBXBuildFile; fileRef = 1FED6E3D22B34C93002F9317 /* Assets.xcassets */; };
		1FED6E4122B34C93002F9317 /* LaunchScreen.storyboard in Resources */ = {isa = PBXBuildFile; fileRef = 1FED6E3F22B34C93002F9317 /* LaunchScreen.storyboard */; };
		1FED6E4F22B34E0F002F9317 /* WebNovelTests.swift in Sources */ = {isa = PBXBuildFile; fileRef = 1FED6E4E22B34E0F002F9317 /* WebNovelTests.swift */; };
		1FED6E6D22B403F6002F9317 /* WNServiceProvider.swift in Sources */ = {isa = PBXBuildFile; fileRef = 1FED6E6C22B403F6002F9317 /* WNServiceProvider.swift */; };
		1FED6E7122B40EF8002F9317 /* PromiseKit.framework in Frameworks */ = {isa = PBXBuildFile; fileRef = 1FED6E7022B40EF8002F9317 /* PromiseKit.framework */; };
		1FED6E7322B40F04002F9317 /* PromiseKit.framework in Embed Frameworks */ = {isa = PBXBuildFile; fileRef = 1FED6E7022B40EF8002F9317 /* PromiseKit.framework */; settings = {ATTRIBUTES = (CodeSignOnCopy, RemoveHeadersOnCopy, ); }; };
		1FED6E7622B42C69002F9317 /* WNError.swift in Sources */ = {isa = PBXBuildFile; fileRef = 1FED6E7522B42C69002F9317 /* WNError.swift */; };
		1FED6E7C22B56EA6002F9317 /* WebNovel.swift in Sources */ = {isa = PBXBuildFile; fileRef = 1FED6E7B22B56EA6002F9317 /* WebNovel.swift */; };
		1FED6E8822B57493002F9317 /* Alamofire.framework in Frameworks */ = {isa = PBXBuildFile; fileRef = 1FED6E8622B57493002F9317 /* Alamofire.framework */; };
		1FED6E8922B57493002F9317 /* SwiftSoup.framework in Frameworks */ = {isa = PBXBuildFile; fileRef = 1FED6E8722B57493002F9317 /* SwiftSoup.framework */; };
		1FED6E8A22B574B4002F9317 /* Alamofire.framework in Embed Frameworks */ = {isa = PBXBuildFile; fileRef = 1FED6E8622B57493002F9317 /* Alamofire.framework */; settings = {ATTRIBUTES = (CodeSignOnCopy, RemoveHeadersOnCopy, ); }; };
		1FED6E8B22B574B4002F9317 /* SwiftSoup.framework in Embed Frameworks */ = {isa = PBXBuildFile; fileRef = 1FED6E8722B57493002F9317 /* SwiftSoup.framework */; settings = {ATTRIBUTES = (CodeSignOnCopy, RemoveHeadersOnCopy, ); }; };
		1FED6E9322B58C7A002F9317 /* NetworkUtils.swift in Sources */ = {isa = PBXBuildFile; fileRef = 1FED6E9222B58C7A002F9317 /* NetworkUtils.swift */; };
		1FED6E9822B5E16B002F9317 /* WNChapter.swift in Sources */ = {isa = PBXBuildFile; fileRef = 1FED6E9722B5E16B002F9317 /* WNChapter.swift */; };
		1FED6E9B22B5F61F002F9317 /* WNParser.swift in Sources */ = {isa = PBXBuildFile; fileRef = 1FED6E9A22B5F61F002F9317 /* WNParser.swift */; };
		1FED6EA322B627A1002F9317 /* NovelUpdates+loadDetails.swift in Sources */ = {isa = PBXBuildFile; fileRef = 1FED6E9F22B627A1002F9317 /* NovelUpdates+loadDetails.swift */; };
		1FED6EA522B627A1002F9317 /* NovelUpdates+search.swift in Sources */ = {isa = PBXBuildFile; fileRef = 1FED6EA122B627A1002F9317 /* NovelUpdates+search.swift */; };
		1FED6EA622B627A1002F9317 /* NovelUpdates.swift in Sources */ = {isa = PBXBuildFile; fileRef = 1FED6EA222B627A1002F9317 /* NovelUpdates.swift */; };
		1FED6EAE22B6FB57002F9317 /* WNChaptersCatalogue.swift in Sources */ = {isa = PBXBuildFile; fileRef = 1FED6EAD22B6FB57002F9317 /* WNChaptersCatalogue.swift */; };
		1FED6EB322B6FDB7002F9317 /* WNCache.swift in Sources */ = {isa = PBXBuildFile; fileRef = 1FED6EB022B6FDB7002F9317 /* WNCache.swift */; };
		1FED6EB422B6FDB7002F9317 /* WNManagedObject.swift in Sources */ = {isa = PBXBuildFile; fileRef = 1FED6EB122B6FDB7002F9317 /* WNManagedObject.swift */; };
		1FED6EB522B6FDB7002F9317 /* Serializable.swift in Sources */ = {isa = PBXBuildFile; fileRef = 1FED6EB222B6FDB7002F9317 /* Serializable.swift */; };
		1FED6EB922B72557002F9317 /* WNListingService.swift in Sources */ = {isa = PBXBuildFile; fileRef = 1FED6EB822B72557002F9317 /* WNListingService.swift */; };
/* End PBXBuildFile section */

/* Begin PBXContainerItemProxy section */
		1FED6E5122B34E0F002F9317 /* PBXContainerItemProxy */ = {
			isa = PBXContainerItemProxy;
			containerPortal = 1FED6E2822B34C92002F9317 /* Project object */;
			proxyType = 1;
			remoteGlobalIDString = 1FED6E2F22B34C92002F9317;
			remoteInfo = WebNovel;
		};
/* End PBXContainerItemProxy section */

/* Begin PBXCopyFilesBuildPhase section */
		1FED6E5A22B34E6E002F9317 /* Embed Frameworks */ = {
			isa = PBXCopyFilesBuildPhase;
			buildActionMask = 2147483647;
			dstPath = "";
			dstSubfolderSpec = 10;
			files = (
				1FED6E8A22B574B4002F9317 /* Alamofire.framework in Embed Frameworks */,
				1FED6E8B22B574B4002F9317 /* SwiftSoup.framework in Embed Frameworks */,
				1FED6E7322B40F04002F9317 /* PromiseKit.framework in Embed Frameworks */,
			);
			name = "Embed Frameworks";
			runOnlyForDeploymentPostprocessing = 0;
		};
/* End PBXCopyFilesBuildPhase section */

/* Begin PBXFileReference section */
		1F0E2EB022B73E5500CD77A9 /* DiscoverTableViewController.swift */ = {isa = PBXFileReference; lastKnownFileType = sourcecode.swift; path = DiscoverTableViewController.swift; sourceTree = "<group>"; };
		1F0E2EB222B73F7500CD77A9 /* DiscoverTableViewCell.swift */ = {isa = PBXFileReference; lastKnownFileType = sourcecode.swift; path = DiscoverTableViewCell.swift; sourceTree = "<group>"; };
		1F21978122C5F10900AC435A /* TimeInterval+now.swift */ = {isa = PBXFileReference; lastKnownFileType = sourcecode.swift; path = "TimeInterval+now.swift"; sourceTree = "<group>"; };
		1F3B25B422B87EEB00F1B2CA /* WNCoverImage.swift */ = {isa = PBXFileReference; lastKnownFileType = sourcecode.swift; path = WNCoverImage.swift; sourceTree = "<group>"; };
		1F3F105E22D5825900BCD32B /* DownloadedNovelProgressWrapperView.swift */ = {isa = PBXFileReference; lastKnownFileType = sourcecode.swift; path = DownloadedNovelProgressWrapperView.swift; sourceTree = "<group>"; };
		1F3F106022D5896100BCD32B /* UIProgressView+barHeight.swift */ = {isa = PBXFileReference; lastKnownFileType = sourcecode.swift; path = "UIProgressView+barHeight.swift"; sourceTree = "<group>"; };
		1F3F106222D5913500BCD32B /* WNDownloadsManager.swift */ = {isa = PBXFileReference; lastKnownFileType = sourcecode.swift; path = WNDownloadsManager.swift; sourceTree = "<group>"; };
		1F3F106622D5C7DE00BCD32B /* DownloadedNovelProgressTableViewCell.swift */ = {isa = PBXFileReference; lastKnownFileType = sourcecode.swift; path = DownloadedNovelProgressTableViewCell.swift; sourceTree = "<group>"; };
		1F3F106822D62D6700BCD32B /* TimeInterval+formattedString.swift */ = {isa = PBXFileReference; lastKnownFileType = sourcecode.swift; path = "TimeInterval+formattedString.swift"; sourceTree = "<group>"; };
		1F52AAE422B8D3F500D4FB6C /* WNServiceManager.swift */ = {isa = PBXFileReference; lastKnownFileType = sourcecode.swift; path = WNServiceManager.swift; sourceTree = "<group>"; };
		1F52AAE622B8DC7100D4FB6C /* ListingServiceViewController.swift */ = {isa = PBXFileReference; lastKnownFileType = sourcecode.swift; path = ListingServiceViewController.swift; sourceTree = "<group>"; };
		1F52AAE822B8E88800D4FB6C /* Notification.swift */ = {isa = PBXFileReference; lastKnownFileType = sourcecode.swift; path = Notification.swift; sourceTree = "<group>"; };
		1F52AAEB22B8EAFA00D4FB6C /* NSObject+observe.swift */ = {isa = PBXFileReference; lastKnownFileType = sourcecode.swift; path = "NSObject+observe.swift"; sourceTree = "<group>"; };
		1F52AAED22B901A300D4FB6C /* WNGenre.swift */ = {isa = PBXFileReference; lastKnownFileType = sourcecode.swift; path = WNGenre.swift; sourceTree = "<group>"; };
		1F52AAEF22B9B96300D4FB6C /* NUListingService.swift */ = {isa = PBXFileReference; lastKnownFileType = sourcecode.swift; path = NUListingService.swift; sourceTree = "<group>"; };
		1F52AAF122BC88C600D4FB6C /* UIViewConroller+alert.swift */ = {isa = PBXFileReference; lastKnownFileType = sourcecode.swift; path = "UIViewConroller+alert.swift"; sourceTree = "<group>"; };
		1F8FBB4322C7176200B23F8D /* AddToDownloads.storyboard */ = {isa = PBXFileReference; lastKnownFileType = file.storyboard; path = AddToDownloads.storyboard; sourceTree = "<group>"; };
		1F8FBB4522C718C200B23F8D /* ChapterReader.storyboard */ = {isa = PBXFileReference; lastKnownFileType = file.storyboard; path = ChapterReader.storyboard; sourceTree = "<group>"; };
		1F8FBB4922C71CE400B23F8D /* NovelDetails.storyboard */ = {isa = PBXFileReference; lastKnownFileType = file.storyboard; path = NovelDetails.storyboard; sourceTree = "<group>"; };
		1F8FBB4B22C72D7900B23F8D /* DownloadedNovelTableViewController.swift */ = {isa = PBXFileReference; lastKnownFileType = sourcecode.swift; path = DownloadedNovelTableViewController.swift; sourceTree = "<group>"; };
		1F8FBB4F22C73E1000B23F8D /* Data+size.swift */ = {isa = PBXFileReference; lastKnownFileType = sourcecode.swift; path = "Data+size.swift"; sourceTree = "<group>"; };
		1F8FBB5122CB272600B23F8D /* DownloadedNovelSectionHeaderCell.swift */ = {isa = PBXFileReference; lastKnownFileType = sourcecode.swift; path = DownloadedNovelSectionHeaderCell.swift; sourceTree = "<group>"; };
		1F9890A822BCCBAB00A09F3F /* InformationTableViewController.swift */ = {isa = PBXFileReference; lastKnownFileType = sourcecode.swift; path = InformationTableViewController.swift; sourceTree = "<group>"; };
		1F9890AA22BCDEE800A09F3F /* UIViewController+presentError.swift */ = {isa = PBXFileReference; lastKnownFileType = sourcecode.swift; path = "UIViewController+presentError.swift"; sourceTree = "<group>"; };
		1F9890AC22BCDF5B00A09F3F /* UIImage.swift */ = {isa = PBXFileReference; lastKnownFileType = sourcecode.swift; path = UIImage.swift; sourceTree = "<group>"; };
		1F9890B022BCF1AE00A09F3F /* SectionHeaderTableViewCell.swift */ = {isa = PBXFileReference; lastKnownFileType = sourcecode.swift; path = SectionHeaderTableViewCell.swift; sourceTree = "<group>"; };
		1F9890B222BCF6D400A09F3F /* SummaryTableViewCell.swift */ = {isa = PBXFileReference; lastKnownFileType = sourcecode.swift; path = SummaryTableViewCell.swift; sourceTree = "<group>"; };
		1F9890B422BD00F700A09F3F /* InformationTableViewCellDelegate.swift */ = {isa = PBXFileReference; lastKnownFileType = sourcecode.swift; path = InformationTableViewCellDelegate.swift; sourceTree = "<group>"; };
		1F9890B622BD096900A09F3F /* GenresTableViewCell.swift */ = {isa = PBXFileReference; lastKnownFileType = sourcecode.swift; path = GenresTableViewCell.swift; sourceTree = "<group>"; };
		1F9890B822BD219700A09F3F /* GenreLabel.swift */ = {isa = PBXFileReference; lastKnownFileType = sourcecode.swift; path = GenreLabel.swift; sourceTree = "<group>"; };
		1F9890BA22BDB24300A09F3F /* StatsTableViewCell.swift */ = {isa = PBXFileReference; lastKnownFileType = sourcecode.swift; path = StatsTableViewCell.swift; sourceTree = "<group>"; };
		1F9890BC22BDDCFD00A09F3F /* FactTableViewCell.swift */ = {isa = PBXFileReference; lastKnownFileType = sourcecode.swift; path = FactTableViewCell.swift; sourceTree = "<group>"; };
		1FCD41E622BF76EE0050ECEC /* WNCancellableTask.swift */ = {isa = PBXFileReference; lastKnownFileType = sourcecode.swift; path = WNCancellableTask.swift; sourceTree = "<group>"; };
		1FCD41E822C06E4C0050ECEC /* ChaptersTableViewController.swift */ = {isa = PBXFileReference; lastKnownFileType = sourcecode.swift; path = ChaptersTableViewController.swift; sourceTree = "<group>"; };
		1FCD41EA22C0713F0050ECEC /* ChapterTableViewCell.swift */ = {isa = PBXFileReference; lastKnownFileType = sourcecode.swift; path = ChapterTableViewCell.swift; sourceTree = "<group>"; };
		1FCD41EC22C0CA480050ECEC /* String+save.swift */ = {isa = PBXFileReference; lastKnownFileType = sourcecode.swift; path = "String+save.swift"; sourceTree = "<group>"; };
		1FCD41F622C1B3A70050ECEC /* Readability.swift */ = {isa = PBXFileReference; lastKnownFileType = sourcecode.swift; path = Readability.swift; sourceTree = "<group>"; };
		1FCD41F822C1B4500050ECEC /* Article.swift */ = {isa = PBXFileReference; lastKnownFileType = sourcecode.swift; path = Article.swift; sourceTree = "<group>"; };
		1FCD41FA22C1B7BE0050ECEC /* Optional+losslessStr.swift */ = {isa = PBXFileReference; lastKnownFileType = sourcecode.swift; path = "Optional+losslessStr.swift"; sourceTree = "<group>"; };
		1FCD41FE22C1C2850050ECEC /* bundle.js */ = {isa = PBXFileReference; fileEncoding = 4; lastKnownFileType = sourcecode.javascript; path = bundle.js; sourceTree = "<group>"; };
		1FCD420022C1C5B70050ECEC /* ChapterViewController.swift */ = {isa = PBXFileReference; lastKnownFileType = sourcecode.swift; path = ChapterViewController.swift; sourceTree = "<group>"; };
		1FCD420422C1D5D00050ECEC /* ChapterOptionsTableViewController.swift */ = {isa = PBXFileReference; lastKnownFileType = sourcecode.swift; path = ChapterOptionsTableViewController.swift; sourceTree = "<group>"; };
		1FCD420622C25AF60050ECEC /* FontFamilyTableViewController.swift */ = {isa = PBXFileReference; lastKnownFileType = sourcecode.swift; path = FontFamilyTableViewController.swift; sourceTree = "<group>"; };
		1FCD420A22C381A60050ECEC /* DownloadChaptersTableViewController.swift */ = {isa = PBXFileReference; lastKnownFileType = sourcecode.swift; path = DownloadChaptersTableViewController.swift; sourceTree = "<group>"; };
		1FCD420C22C384860050ECEC /* SelectableChapterTableViewCell.swift */ = {isa = PBXFileReference; lastKnownFileType = sourcecode.swift; path = SelectableChapterTableViewCell.swift; sourceTree = "<group>"; };
		1FCD421422C5033F0050ECEC /* DownloadsCollectionViewController.swift */ = {isa = PBXFileReference; lastKnownFileType = sourcecode.swift; path = DownloadsCollectionViewController.swift; sourceTree = "<group>"; };
		1FCD421622C505750050ECEC /* DownloadsCollectionViewCell.swift */ = {isa = PBXFileReference; lastKnownFileType = sourcecode.swift; path = DownloadsCollectionViewCell.swift; sourceTree = "<group>"; };
		1FCD421822C5E54E0050ECEC /* DownloadsSectionHeaderView.swift */ = {isa = PBXFileReference; lastKnownFileType = sourcecode.swift; path = DownloadsSectionHeaderView.swift; sourceTree = "<group>"; };
		1FCD421A22C5E57E0050ECEC /* DownloadsSectionFooterView.swift */ = {isa = PBXFileReference; lastKnownFileType = sourcecode.swift; path = DownloadsSectionFooterView.swift; sourceTree = "<group>"; };
		1FED6E3022B34C92002F9317 /* WebNovel.app */ = {isa = PBXFileReference; explicitFileType = wrapper.application; includeInIndex = 0; path = WebNovel.app; sourceTree = BUILT_PRODUCTS_DIR; };
		1FED6E3322B34C92002F9317 /* AppDelegate.swift */ = {isa = PBXFileReference; lastKnownFileType = sourcecode.swift; path = AppDelegate.swift; sourceTree = "<group>"; };
		1FED6E3822B34C92002F9317 /* Base */ = {isa = PBXFileReference; lastKnownFileType = file.storyboard; name = Base; path = Base.lproj/Main.storyboard; sourceTree = "<group>"; };
		1FED6E3B22B34C92002F9317 /* WebNovel.xcdatamodel */ = {isa = PBXFileReference; lastKnownFileType = wrapper.xcdatamodel; path = WebNovel.xcdatamodel; sourceTree = "<group>"; };
		1FED6E3D22B34C93002F9317 /* Assets.xcassets */ = {isa = PBXFileReference; lastKnownFileType = folder.assetcatalog; path = Assets.xcassets; sourceTree = "<group>"; };
		1FED6E4022B34C93002F9317 /* Base */ = {isa = PBXFileReference; lastKnownFileType = file.storyboard; name = Base; path = Base.lproj/LaunchScreen.storyboard; sourceTree = "<group>"; };
		1FED6E4222B34C93002F9317 /* Info.plist */ = {isa = PBXFileReference; lastKnownFileType = text.plist.xml; path = Info.plist; sourceTree = "<group>"; };
		1FED6E4C22B34E0F002F9317 /* WebNovelTests.xctest */ = {isa = PBXFileReference; explicitFileType = wrapper.cfbundle; includeInIndex = 0; path = WebNovelTests.xctest; sourceTree = BUILT_PRODUCTS_DIR; };
		1FED6E4E22B34E0F002F9317 /* WebNovelTests.swift */ = {isa = PBXFileReference; lastKnownFileType = sourcecode.swift; path = WebNovelTests.swift; sourceTree = "<group>"; };
		1FED6E5022B34E0F002F9317 /* Info.plist */ = {isa = PBXFileReference; lastKnownFileType = text.plist.xml; path = Info.plist; sourceTree = "<group>"; };
		1FED6E6C22B403F6002F9317 /* WNServiceProvider.swift */ = {isa = PBXFileReference; lastKnownFileType = sourcecode.swift; path = WNServiceProvider.swift; sourceTree = "<group>"; };
		1FED6E7022B40EF8002F9317 /* PromiseKit.framework */ = {isa = PBXFileReference; lastKnownFileType = wrapper.framework; name = PromiseKit.framework; path = Carthage/Build/iOS/PromiseKit.framework; sourceTree = "<group>"; };
		1FED6E7522B42C69002F9317 /* WNError.swift */ = {isa = PBXFileReference; lastKnownFileType = sourcecode.swift; path = WNError.swift; sourceTree = "<group>"; };
		1FED6E7B22B56EA6002F9317 /* WebNovel.swift */ = {isa = PBXFileReference; fileEncoding = 4; lastKnownFileType = sourcecode.swift; path = WebNovel.swift; sourceTree = "<group>"; };
		1FED6E8622B57493002F9317 /* Alamofire.framework */ = {isa = PBXFileReference; lastKnownFileType = wrapper.framework; name = Alamofire.framework; path = Carthage/Build/iOS/Alamofire.framework; sourceTree = "<group>"; };
		1FED6E8722B57493002F9317 /* SwiftSoup.framework */ = {isa = PBXFileReference; lastKnownFileType = wrapper.framework; name = SwiftSoup.framework; path = Carthage/Build/iOS/SwiftSoup.framework; sourceTree = "<group>"; };
		1FED6E9222B58C7A002F9317 /* NetworkUtils.swift */ = {isa = PBXFileReference; lastKnownFileType = sourcecode.swift; path = NetworkUtils.swift; sourceTree = "<group>"; };
		1FED6E9722B5E16B002F9317 /* WNChapter.swift */ = {isa = PBXFileReference; lastKnownFileType = sourcecode.swift; path = WNChapter.swift; sourceTree = "<group>"; };
		1FED6E9A22B5F61F002F9317 /* WNParser.swift */ = {isa = PBXFileReference; lastKnownFileType = sourcecode.swift; path = WNParser.swift; sourceTree = "<group>"; };
		1FED6E9F22B627A1002F9317 /* NovelUpdates+loadDetails.swift */ = {isa = PBXFileReference; fileEncoding = 4; lastKnownFileType = sourcecode.swift; path = "NovelUpdates+loadDetails.swift"; sourceTree = "<group>"; };
		1FED6EA122B627A1002F9317 /* NovelUpdates+search.swift */ = {isa = PBXFileReference; fileEncoding = 4; lastKnownFileType = sourcecode.swift; path = "NovelUpdates+search.swift"; sourceTree = "<group>"; };
		1FED6EA222B627A1002F9317 /* NovelUpdates.swift */ = {isa = PBXFileReference; fileEncoding = 4; lastKnownFileType = sourcecode.swift; path = NovelUpdates.swift; sourceTree = "<group>"; };
		1FED6EAD22B6FB57002F9317 /* WNChaptersCatalogue.swift */ = {isa = PBXFileReference; lastKnownFileType = sourcecode.swift; path = WNChaptersCatalogue.swift; sourceTree = "<group>"; };
		1FED6EB022B6FDB7002F9317 /* WNCache.swift */ = {isa = PBXFileReference; fileEncoding = 4; lastKnownFileType = sourcecode.swift; path = WNCache.swift; sourceTree = "<group>"; };
		1FED6EB122B6FDB7002F9317 /* WNManagedObject.swift */ = {isa = PBXFileReference; fileEncoding = 4; lastKnownFileType = sourcecode.swift; path = WNManagedObject.swift; sourceTree = "<group>"; };
		1FED6EB222B6FDB7002F9317 /* Serializable.swift */ = {isa = PBXFileReference; fileEncoding = 4; lastKnownFileType = sourcecode.swift; path = Serializable.swift; sourceTree = "<group>"; };
		1FED6EB822B72557002F9317 /* WNListingService.swift */ = {isa = PBXFileReference; lastKnownFileType = sourcecode.swift; path = WNListingService.swift; sourceTree = "<group>"; };
/* End PBXFileReference section */

/* Begin PBXFrameworksBuildPhase section */
		1FED6E2D22B34C92002F9317 /* Frameworks */ = {
			isa = PBXFrameworksBuildPhase;
			buildActionMask = 2147483647;
			files = (
				1FED6E8822B57493002F9317 /* Alamofire.framework in Frameworks */,
				1FED6E8922B57493002F9317 /* SwiftSoup.framework in Frameworks */,
				1FED6E7122B40EF8002F9317 /* PromiseKit.framework in Frameworks */,
			);
			runOnlyForDeploymentPostprocessing = 0;
		};
		1FED6E4922B34E0F002F9317 /* Frameworks */ = {
			isa = PBXFrameworksBuildPhase;
			buildActionMask = 2147483647;
			files = (
			);
			runOnlyForDeploymentPostprocessing = 0;
		};
/* End PBXFrameworksBuildPhase section */

/* Begin PBXGroup section */
		1F52AAEA22B8E9EA00D4FB6C /* Extensions */ = {
			isa = PBXGroup;
			children = (
				1F52AAE822B8E88800D4FB6C /* Notification.swift */,
				1F52AAEB22B8EAFA00D4FB6C /* NSObject+observe.swift */,
				1F52AAF122BC88C600D4FB6C /* UIViewConroller+alert.swift */,
				1F9890AA22BCDEE800A09F3F /* UIViewController+presentError.swift */,
				1F9890AC22BCDF5B00A09F3F /* UIImage.swift */,
				1FCD41EC22C0CA480050ECEC /* String+save.swift */,
				1FCD41FA22C1B7BE0050ECEC /* Optional+losslessStr.swift */,
				1F21978122C5F10900AC435A /* TimeInterval+now.swift */,
				1F8FBB4F22C73E1000B23F8D /* Data+size.swift */,
				1F3F106022D5896100BCD32B /* UIProgressView+barHeight.swift */,
				1F3F106822D62D6700BCD32B /* TimeInterval+formattedString.swift */,
			);
			path = Extensions;
			sourceTree = "<group>";
		};
		1FCD41EE22C0E2290050ECEC /* Javascript */ = {
			isa = PBXGroup;
			children = (
				1FCD41FE22C1C2850050ECEC /* bundle.js */,
			);
			path = Javascript;
			sourceTree = "<group>";
		};
		1FCD41EF22C0E2400050ECEC /* Parsing */ = {
			isa = PBXGroup;
			children = (
				1FCD41EE22C0E2290050ECEC /* Javascript */,
				1FED6E9A22B5F61F002F9317 /* WNParser.swift */,
				1FCD41F622C1B3A70050ECEC /* Readability.swift */,
				1FCD41F822C1B4500050ECEC /* Article.swift */,
			);
			path = Parsing;
			sourceTree = "<group>";
		};
		1FED6E2722B34C92002F9317 = {
			isa = PBXGroup;
			children = (
				1FED6E3222B34C92002F9317 /* WebNovel */,
				1FED6E4D22B34E0F002F9317 /* WebNovelTests */,
				1FED6E3122B34C92002F9317 /* Products */,
				1FED6E5C22B34EB1002F9317 /* Frameworks */,
			);
			sourceTree = "<group>";
		};
		1FED6E3122B34C92002F9317 /* Products */ = {
			isa = PBXGroup;
			children = (
				1FED6E3022B34C92002F9317 /* WebNovel.app */,
				1FED6E4C22B34E0F002F9317 /* WebNovelTests.xctest */,
			);
			name = Products;
			sourceTree = "<group>";
		};
		1FED6E3222B34C92002F9317 /* WebNovel */ = {
			isa = PBXGroup;
			children = (
				1F52AAEA22B8E9EA00D4FB6C /* Extensions */,
				1FED6EBB22B73A40002F9317 /* Views */,
				1FED6EBA22B73928002F9317 /* Controllers */,
				1FED6E7D22B5700A002F9317 /* WNService */,
				1FED6E6822B402CD002F9317 /* Storyboards */,
				1FED6E3322B34C92002F9317 /* AppDelegate.swift */,
				1FED6E6922B4031B002F9317 /* Resources */,
				1FED6E4222B34C93002F9317 /* Info.plist */,
			);
			path = WebNovel;
			sourceTree = "<group>";
		};
		1FED6E4D22B34E0F002F9317 /* WebNovelTests */ = {
			isa = PBXGroup;
			children = (
				1FED6E4E22B34E0F002F9317 /* WebNovelTests.swift */,
				1FED6E5022B34E0F002F9317 /* Info.plist */,
			);
			path = WebNovelTests;
			sourceTree = "<group>";
		};
		1FED6E5C22B34EB1002F9317 /* Frameworks */ = {
			isa = PBXGroup;
			children = (
				1FED6E8622B57493002F9317 /* Alamofire.framework */,
				1FED6E8722B57493002F9317 /* SwiftSoup.framework */,
				1FED6E7022B40EF8002F9317 /* PromiseKit.framework */,
			);
			name = Frameworks;
			sourceTree = "<group>";
		};
		1FED6E6822B402CD002F9317 /* Storyboards */ = {
			isa = PBXGroup;
			children = (
				1FED6E3722B34C92002F9317 /* Main.storyboard */,
				1F8FBB4322C7176200B23F8D /* AddToDownloads.storyboard */,
				1F8FBB4522C718C200B23F8D /* ChapterReader.storyboard */,
				1F8FBB4922C71CE400B23F8D /* NovelDetails.storyboard */,
				1FED6E3F22B34C93002F9317 /* LaunchScreen.storyboard */,
			);
			path = Storyboards;
			sourceTree = "<group>";
		};
		1FED6E6922B4031B002F9317 /* Resources */ = {
			isa = PBXGroup;
			children = (
				1FED6E3D22B34C93002F9317 /* Assets.xcassets */,
				1FED6E3A22B34C92002F9317 /* WebNovel.xcdatamodeld */,
			);
			path = Resources;
			sourceTree = "<group>";
		};
		1FED6E7D22B5700A002F9317 /* WNService */ = {
			isa = PBXGroup;
			children = (
				1FCD41EF22C0E2400050ECEC /* Parsing */,
				1FED6EAF22B6FD34002F9317 /* Caching */,
				1FED6E9422B58ED6002F9317 /* Service Providers */,
				1FED6E7B22B56EA6002F9317 /* WebNovel.swift */,
				1FCD41E622BF76EE0050ECEC /* WNCancellableTask.swift */,
				1F3B25B422B87EEB00F1B2CA /* WNCoverImage.swift */,
				1FED6E9722B5E16B002F9317 /* WNChapter.swift */,
				1F52AAED22B901A300D4FB6C /* WNGenre.swift */,
				1FED6EAD22B6FB57002F9317 /* WNChaptersCatalogue.swift */,
				1FED6E6C22B403F6002F9317 /* WNServiceProvider.swift */,
				1F3F106222D5913500BCD32B /* WNDownloadsManager.swift */,
				1F52AAE422B8D3F500D4FB6C /* WNServiceManager.swift */,
				1FED6EB822B72557002F9317 /* WNListingService.swift */,
				1FED6E7522B42C69002F9317 /* WNError.swift */,
				1FED6E9222B58C7A002F9317 /* NetworkUtils.swift */,
			);
			path = WNService;
			sourceTree = "<group>";
		};
		1FED6E9422B58ED6002F9317 /* Service Providers */ = {
			isa = PBXGroup;
			children = (
				1FED6E9E22B625EC002F9317 /* NovelUpdates */,
			);
			path = "Service Providers";
			sourceTree = "<group>";
		};
		1FED6E9E22B625EC002F9317 /* NovelUpdates */ = {
			isa = PBXGroup;
			children = (
				1FED6EA222B627A1002F9317 /* NovelUpdates.swift */,
				1FED6E9F22B627A1002F9317 /* NovelUpdates+loadDetails.swift */,
				1FED6EA122B627A1002F9317 /* NovelUpdates+search.swift */,
				1F52AAEF22B9B96300D4FB6C /* NUListingService.swift */,
			);
			path = NovelUpdates;
			sourceTree = "<group>";
		};
		1FED6EAF22B6FD34002F9317 /* Caching */ = {
			isa = PBXGroup;
			children = (
				1FED6EB222B6FDB7002F9317 /* Serializable.swift */,
				1FED6EB022B6FDB7002F9317 /* WNCache.swift */,
				1FED6EB122B6FDB7002F9317 /* WNManagedObject.swift */,
			);
			path = Caching;
			sourceTree = "<group>";
		};
		1FED6EBA22B73928002F9317 /* Controllers */ = {
			isa = PBXGroup;
			children = (
				1F0E2EB022B73E5500CD77A9 /* DiscoverTableViewController.swift */,
				1FCD420622C25AF60050ECEC /* FontFamilyTableViewController.swift */,
				1F9890A822BCCBAB00A09F3F /* InformationTableViewController.swift */,
				1FCD41E822C06E4C0050ECEC /* ChaptersTableViewController.swift */,
				1FCD420022C1C5B70050ECEC /* ChapterViewController.swift */,
				1FCD420422C1D5D00050ECEC /* ChapterOptionsTableViewController.swift */,
				1F52AAE622B8DC7100D4FB6C /* ListingServiceViewController.swift */,
				1FCD420A22C381A60050ECEC /* DownloadChaptersTableViewController.swift */,
				1FCD421422C5033F0050ECEC /* DownloadsCollectionViewController.swift */,
				1F8FBB4B22C72D7900B23F8D /* DownloadedNovelTableViewController.swift */,
			);
			path = Controllers;
			sourceTree = "<group>";
		};
		1FED6EBB22B73A40002F9317 /* Views */ = {
			isa = PBXGroup;
			children = (
				1F0E2EB222B73F7500CD77A9 /* DiscoverTableViewCell.swift */,
				1FCD41EA22C0713F0050ECEC /* ChapterTableViewCell.swift */,
				1F9890B022BCF1AE00A09F3F /* SectionHeaderTableViewCell.swift */,
				1F9890B222BCF6D400A09F3F /* SummaryTableViewCell.swift */,
				1F9890B622BD096900A09F3F /* GenresTableViewCell.swift */,
				1F9890BA22BDB24300A09F3F /* StatsTableViewCell.swift */,
				1F9890BC22BDDCFD00A09F3F /* FactTableViewCell.swift */,
				1F9890B822BD219700A09F3F /* GenreLabel.swift */,
				1F9890B422BD00F700A09F3F /* InformationTableViewCellDelegate.swift */,
				1FCD420C22C384860050ECEC /* SelectableChapterTableViewCell.swift */,
				1FCD421622C505750050ECEC /* DownloadsCollectionViewCell.swift */,
				1FCD421822C5E54E0050ECEC /* DownloadsSectionHeaderView.swift */,
				1FCD421A22C5E57E0050ECEC /* DownloadsSectionFooterView.swift */,
				1F8FBB5122CB272600B23F8D /* DownloadedNovelSectionHeaderCell.swift */,
				1F3F105E22D5825900BCD32B /* DownloadedNovelProgressWrapperView.swift */,
				1F3F106622D5C7DE00BCD32B /* DownloadedNovelProgressTableViewCell.swift */,
			);
			path = Views;
			sourceTree = "<group>";
		};
/* End PBXGroup section */

/* Begin PBXNativeTarget section */
		1FED6E2F22B34C92002F9317 /* WebNovel */ = {
			isa = PBXNativeTarget;
			buildConfigurationList = 1FED6E4522B34C93002F9317 /* Build configuration list for PBXNativeTarget "WebNovel" */;
			buildPhases = (
				1FED6E2C22B34C92002F9317 /* Sources */,
				1FED6E2D22B34C92002F9317 /* Frameworks */,
				1FED6E2E22B34C92002F9317 /* Resources */,
				1FED6E5A22B34E6E002F9317 /* Embed Frameworks */,
			);
			buildRules = (
			);
			dependencies = (
			);
			name = WebNovel;
			productName = WebNovel;
			productReference = 1FED6E3022B34C92002F9317 /* WebNovel.app */;
			productType = "com.apple.product-type.application";
		};
		1FED6E4B22B34E0F002F9317 /* WebNovelTests */ = {
			isa = PBXNativeTarget;
			buildConfigurationList = 1FED6E5322B34E0F002F9317 /* Build configuration list for PBXNativeTarget "WebNovelTests" */;
			buildPhases = (
				1FED6E4822B34E0F002F9317 /* Sources */,
				1FED6E4922B34E0F002F9317 /* Frameworks */,
				1FED6E4A22B34E0F002F9317 /* Resources */,
			);
			buildRules = (
			);
			dependencies = (
				1FED6E5222B34E0F002F9317 /* PBXTargetDependency */,
			);
			name = WebNovelTests;
			productName = WebNovelTests;
			productReference = 1FED6E4C22B34E0F002F9317 /* WebNovelTests.xctest */;
			productType = "com.apple.product-type.bundle.unit-test";
		};
/* End PBXNativeTarget section */

/* Begin PBXProject section */
		1FED6E2822B34C92002F9317 /* Project object */ = {
			isa = PBXProject;
			attributes = {
				LastSwiftUpdateCheck = 1020;
				LastUpgradeCheck = 1020;
				ORGANIZATIONNAME = "Jiachen Ren";
				TargetAttributes = {
					1FED6E2F22B34C92002F9317 = {
						CreatedOnToolsVersion = 10.2.1;
					};
					1FED6E4B22B34E0F002F9317 = {
						CreatedOnToolsVersion = 10.2.1;
						TestTargetID = 1FED6E2F22B34C92002F9317;
					};
				};
			};
			buildConfigurationList = 1FED6E2B22B34C92002F9317 /* Build configuration list for PBXProject "WebNovel" */;
			compatibilityVersion = "Xcode 9.3";
			developmentRegion = en;
			hasScannedForEncodings = 0;
			knownRegions = (
				en,
				Base,
			);
			mainGroup = 1FED6E2722B34C92002F9317;
			productRefGroup = 1FED6E3122B34C92002F9317 /* Products */;
			projectDirPath = "";
			projectRoot = "";
			targets = (
				1FED6E2F22B34C92002F9317 /* WebNovel */,
				1FED6E4B22B34E0F002F9317 /* WebNovelTests */,
			);
		};
/* End PBXProject section */

/* Begin PBXResourcesBuildPhase section */
		1FED6E2E22B34C92002F9317 /* Resources */ = {
			isa = PBXResourcesBuildPhase;
			buildActionMask = 2147483647;
			files = (
				1FED6E4122B34C93002F9317 /* LaunchScreen.storyboard in Resources */,
				1F8FBB4422C7176200B23F8D /* AddToDownloads.storyboard in Resources */,
				1FED6E3E22B34C93002F9317 /* Assets.xcassets in Resources */,
				1F8FBB4622C718C200B23F8D /* ChapterReader.storyboard in Resources */,
				1FCD41FF22C1C2850050ECEC /* bundle.js in Resources */,
				1FED6E3922B34C92002F9317 /* Main.storyboard in Resources */,
				1F8FBB4A22C71CE400B23F8D /* NovelDetails.storyboard in Resources */,
			);
			runOnlyForDeploymentPostprocessing = 0;
		};
		1FED6E4A22B34E0F002F9317 /* Resources */ = {
			isa = PBXResourcesBuildPhase;
			buildActionMask = 2147483647;
			files = (
			);
			runOnlyForDeploymentPostprocessing = 0;
		};
/* End PBXResourcesBuildPhase section */

/* Begin PBXSourcesBuildPhase section */
		1FED6E2C22B34C92002F9317 /* Sources */ = {
			isa = PBXSourcesBuildPhase;
			buildActionMask = 2147483647;
			files = (
				1FED6EB322B6FDB7002F9317 /* WNCache.swift in Sources */,
				1FCD421522C5033F0050ECEC /* DownloadsCollectionViewController.swift in Sources */,
				1F52AAE722B8DC7100D4FB6C /* ListingServiceViewController.swift in Sources */,
				1F9890B722BD096900A09F3F /* GenresTableViewCell.swift in Sources */,
				1F3B25B522B87EEB00F1B2CA /* WNCoverImage.swift in Sources */,
				1F52AAF222BC88C600D4FB6C /* UIViewConroller+alert.swift in Sources */,
				1FED6EB422B6FDB7002F9317 /* WNManagedObject.swift in Sources */,
				1F9890B322BCF6D400A09F3F /* SummaryTableViewCell.swift in Sources */,
				1F52AAF022B9B96300D4FB6C /* NUListingService.swift in Sources */,
				1F9890AB22BCDEE800A09F3F /* UIViewController+presentError.swift in Sources */,
				1FED6E9822B5E16B002F9317 /* WNChapter.swift in Sources */,
				1F9890A922BCCBAB00A09F3F /* InformationTableViewController.swift in Sources */,
				1FED6E7622B42C69002F9317 /* WNError.swift in Sources */,
				1FED6E9B22B5F61F002F9317 /* WNParser.swift in Sources */,
				1FCD41ED22C0CA480050ECEC /* String+save.swift in Sources */,
				1FCD41F922C1B4510050ECEC /* Article.swift in Sources */,
				1FED6E9322B58C7A002F9317 /* NetworkUtils.swift in Sources */,
				1F9890B522BD00F700A09F3F /* InformationTableViewCellDelegate.swift in Sources */,
				1FED6EA322B627A1002F9317 /* NovelUpdates+loadDetails.swift in Sources */,
				1F9890B122BCF1AE00A09F3F /* SectionHeaderTableViewCell.swift in Sources */,
				1FED6EB922B72557002F9317 /* WNListingService.swift in Sources */,
				1F0E2EB122B73E5500CD77A9 /* DiscoverTableViewController.swift in Sources */,
				1FED6E3C22B34C92002F9317 /* WebNovel.xcdatamodeld in Sources */,
				1FED6E7C22B56EA6002F9317 /* WebNovel.swift in Sources */,
				1F3F106122D5896100BCD32B /* UIProgressView+barHeight.swift in Sources */,
				1FED6EB522B6FDB7002F9317 /* Serializable.swift in Sources */,
				1FED6E3422B34C92002F9317 /* AppDelegate.swift in Sources */,
				1F52AAE522B8D3F500D4FB6C /* WNServiceManager.swift in Sources */,
				1F9890BB22BDB24300A09F3F /* StatsTableViewCell.swift in Sources */,
				1F3F106322D5913500BCD32B /* WNDownloadsManager.swift in Sources */,
				1F3F106722D5C7DE00BCD32B /* DownloadedNovelProgressTableViewCell.swift in Sources */,
				1F8FBB5222CB272600B23F8D /* DownloadedNovelSectionHeaderCell.swift in Sources */,
				1F9890AD22BCDF5B00A09F3F /* UIImage.swift in Sources */,
				1FED6EA622B627A1002F9317 /* NovelUpdates.swift in Sources */,
				1F52AAE922B8E88800D4FB6C /* Notification.swift in Sources */,
				1FCD420522C1D5D00050ECEC /* ChapterOptionsTableViewController.swift in Sources */,
				1F3F106922D62D6700BCD32B /* TimeInterval+formattedString.swift in Sources */,
				1F9890BD22BDDCFD00A09F3F /* FactTableViewCell.swift in Sources */,
				1FCD41EB22C0713F0050ECEC /* ChapterTableViewCell.swift in Sources */,
				1FCD41F722C1B3A70050ECEC /* Readability.swift in Sources */,
				1F8FBB4C22C72D7900B23F8D /* DownloadedNovelTableViewController.swift in Sources */,
				1F0E2EB322B73F7500CD77A9 /* DiscoverTableViewCell.swift in Sources */,
				1F8FBB5022C73E1000B23F8D /* Data+size.swift in Sources */,
				1F9890B922BD219700A09F3F /* GenreLabel.swift in Sources */,
				1FCD41E922C06E4C0050ECEC /* ChaptersTableViewController.swift in Sources */,
				1FCD421B22C5E57E0050ECEC /* DownloadsSectionFooterView.swift in Sources */,
				1FED6E6D22B403F6002F9317 /* WNServiceProvider.swift in Sources */,
				1FCD421922C5E54E0050ECEC /* DownloadsSectionHeaderView.swift in Sources */,
				1FCD420722C25AF60050ECEC /* FontFamilyTableViewController.swift in Sources */,
				1FCD420B22C381A60050ECEC /* DownloadChaptersTableViewController.swift in Sources */,
				1F52AAEC22B8EAFA00D4FB6C /* NSObject+observe.swift in Sources */,
				1FCD41FB22C1B7BE0050ECEC /* Optional+losslessStr.swift in Sources */,
				1FED6EAE22B6FB57002F9317 /* WNChaptersCatalogue.swift in Sources */,
				1FCD420122C1C5B70050ECEC /* ChapterViewController.swift in Sources */,
				1F21978222C5F10900AC435A /* TimeInterval+now.swift in Sources */,
				1F52AAEE22B901A300D4FB6C /* WNGenre.swift in Sources */,
				1FCD421722C505750050ECEC /* DownloadsCollectionViewCell.swift in Sources */,
				1FCD420D22C384860050ECEC /* SelectableChapterTableViewCell.swift in Sources */,
				1FED6EA522B627A1002F9317 /* NovelUpdates+search.swift in Sources */,
				1FCD41E722BF76EE0050ECEC /* WNCancellableTask.swift in Sources */,
				1F3F105F22D5825900BCD32B /* DownloadedNovelProgressWrapperView.swift in Sources */,
			);
			runOnlyForDeploymentPostprocessing = 0;
		};
		1FED6E4822B34E0F002F9317 /* Sources */ = {
			isa = PBXSourcesBuildPhase;
			buildActionMask = 2147483647;
			files = (
				1FED6E4F22B34E0F002F9317 /* WebNovelTests.swift in Sources */,
			);
			runOnlyForDeploymentPostprocessing = 0;
		};
/* End PBXSourcesBuildPhase section */

/* Begin PBXTargetDependency section */
		1FED6E5222B34E0F002F9317 /* PBXTargetDependency */ = {
			isa = PBXTargetDependency;
			target = 1FED6E2F22B34C92002F9317 /* WebNovel */;
			targetProxy = 1FED6E5122B34E0F002F9317 /* PBXContainerItemProxy */;
		};
/* End PBXTargetDependency section */

/* Begin PBXVariantGroup section */
		1FED6E3722B34C92002F9317 /* Main.storyboard */ = {
			isa = PBXVariantGroup;
			children = (
				1FED6E3822B34C92002F9317 /* Base */,
			);
			name = Main.storyboard;
			sourceTree = "<group>";
		};
		1FED6E3F22B34C93002F9317 /* LaunchScreen.storyboard */ = {
			isa = PBXVariantGroup;
			children = (
				1FED6E4022B34C93002F9317 /* Base */,
			);
			name = LaunchScreen.storyboard;
			sourceTree = "<group>";
		};
/* End PBXVariantGroup section */

/* Begin XCBuildConfiguration section */
		1FED6E4322B34C93002F9317 /* Debug */ = {
			isa = XCBuildConfiguration;
			buildSettings = {
				ALWAYS_SEARCH_USER_PATHS = NO;
				CLANG_ANALYZER_NONNULL = YES;
				CLANG_ANALYZER_NUMBER_OBJECT_CONVERSION = YES_AGGRESSIVE;
				CLANG_CXX_LANGUAGE_STANDARD = "gnu++14";
				CLANG_CXX_LIBRARY = "libc++";
				CLANG_ENABLE_MODULES = YES;
				CLANG_ENABLE_OBJC_ARC = YES;
				CLANG_ENABLE_OBJC_WEAK = YES;
				CLANG_WARN_BLOCK_CAPTURE_AUTORELEASING = YES;
				CLANG_WARN_BOOL_CONVERSION = YES;
				CLANG_WARN_COMMA = YES;
				CLANG_WARN_CONSTANT_CONVERSION = YES;
				CLANG_WARN_DEPRECATED_OBJC_IMPLEMENTATIONS = YES;
				CLANG_WARN_DIRECT_OBJC_ISA_USAGE = YES_ERROR;
				CLANG_WARN_DOCUMENTATION_COMMENTS = YES;
				CLANG_WARN_EMPTY_BODY = YES;
				CLANG_WARN_ENUM_CONVERSION = YES;
				CLANG_WARN_INFINITE_RECURSION = YES;
				CLANG_WARN_INT_CONVERSION = YES;
				CLANG_WARN_NON_LITERAL_NULL_CONVERSION = YES;
				CLANG_WARN_OBJC_IMPLICIT_RETAIN_SELF = YES;
				CLANG_WARN_OBJC_LITERAL_CONVERSION = YES;
				CLANG_WARN_OBJC_ROOT_CLASS = YES_ERROR;
				CLANG_WARN_RANGE_LOOP_ANALYSIS = YES;
				CLANG_WARN_STRICT_PROTOTYPES = YES;
				CLANG_WARN_SUSPICIOUS_MOVE = YES;
				CLANG_WARN_UNGUARDED_AVAILABILITY = YES_AGGRESSIVE;
				CLANG_WARN_UNREACHABLE_CODE = YES;
				CLANG_WARN__DUPLICATE_METHOD_MATCH = YES;
				CODE_SIGN_IDENTITY = "iPhone Developer";
				COPY_PHASE_STRIP = NO;
				DEBUG_INFORMATION_FORMAT = dwarf;
				ENABLE_STRICT_OBJC_MSGSEND = YES;
				ENABLE_TESTABILITY = YES;
				GCC_C_LANGUAGE_STANDARD = gnu11;
				GCC_DYNAMIC_NO_PIC = NO;
				GCC_NO_COMMON_BLOCKS = YES;
				GCC_OPTIMIZATION_LEVEL = 0;
				GCC_PREPROCESSOR_DEFINITIONS = (
					"DEBUG=1",
					"$(inherited)",
				);
				GCC_WARN_64_TO_32_BIT_CONVERSION = YES;
				GCC_WARN_ABOUT_RETURN_TYPE = YES_ERROR;
				GCC_WARN_UNDECLARED_SELECTOR = YES;
				GCC_WARN_UNINITIALIZED_AUTOS = YES_AGGRESSIVE;
				GCC_WARN_UNUSED_FUNCTION = YES;
				GCC_WARN_UNUSED_VARIABLE = YES;
				IPHONEOS_DEPLOYMENT_TARGET = 12.2;
				MTL_ENABLE_DEBUG_INFO = INCLUDE_SOURCE;
				MTL_FAST_MATH = YES;
				ONLY_ACTIVE_ARCH = YES;
				SDKROOT = iphoneos;
				SWIFT_ACTIVE_COMPILATION_CONDITIONS = DEBUG;
				SWIFT_OPTIMIZATION_LEVEL = "-Onone";
			};
			name = Debug;
		};
		1FED6E4422B34C93002F9317 /* Release */ = {
			isa = XCBuildConfiguration;
			buildSettings = {
				ALWAYS_SEARCH_USER_PATHS = NO;
				CLANG_ANALYZER_NONNULL = YES;
				CLANG_ANALYZER_NUMBER_OBJECT_CONVERSION = YES_AGGRESSIVE;
				CLANG_CXX_LANGUAGE_STANDARD = "gnu++14";
				CLANG_CXX_LIBRARY = "libc++";
				CLANG_ENABLE_MODULES = YES;
				CLANG_ENABLE_OBJC_ARC = YES;
				CLANG_ENABLE_OBJC_WEAK = YES;
				CLANG_WARN_BLOCK_CAPTURE_AUTORELEASING = YES;
				CLANG_WARN_BOOL_CONVERSION = YES;
				CLANG_WARN_COMMA = YES;
				CLANG_WARN_CONSTANT_CONVERSION = YES;
				CLANG_WARN_DEPRECATED_OBJC_IMPLEMENTATIONS = YES;
				CLANG_WARN_DIRECT_OBJC_ISA_USAGE = YES_ERROR;
				CLANG_WARN_DOCUMENTATION_COMMENTS = YES;
				CLANG_WARN_EMPTY_BODY = YES;
				CLANG_WARN_ENUM_CONVERSION = YES;
				CLANG_WARN_INFINITE_RECURSION = YES;
				CLANG_WARN_INT_CONVERSION = YES;
				CLANG_WARN_NON_LITERAL_NULL_CONVERSION = YES;
				CLANG_WARN_OBJC_IMPLICIT_RETAIN_SELF = YES;
				CLANG_WARN_OBJC_LITERAL_CONVERSION = YES;
				CLANG_WARN_OBJC_ROOT_CLASS = YES_ERROR;
				CLANG_WARN_RANGE_LOOP_ANALYSIS = YES;
				CLANG_WARN_STRICT_PROTOTYPES = YES;
				CLANG_WARN_SUSPICIOUS_MOVE = YES;
				CLANG_WARN_UNGUARDED_AVAILABILITY = YES_AGGRESSIVE;
				CLANG_WARN_UNREACHABLE_CODE = YES;
				CLANG_WARN__DUPLICATE_METHOD_MATCH = YES;
				CODE_SIGN_IDENTITY = "iPhone Developer";
				COPY_PHASE_STRIP = NO;
				DEBUG_INFORMATION_FORMAT = "dwarf-with-dsym";
				ENABLE_NS_ASSERTIONS = NO;
				ENABLE_STRICT_OBJC_MSGSEND = YES;
				GCC_C_LANGUAGE_STANDARD = gnu11;
				GCC_NO_COMMON_BLOCKS = YES;
				GCC_WARN_64_TO_32_BIT_CONVERSION = YES;
				GCC_WARN_ABOUT_RETURN_TYPE = YES_ERROR;
				GCC_WARN_UNDECLARED_SELECTOR = YES;
				GCC_WARN_UNINITIALIZED_AUTOS = YES_AGGRESSIVE;
				GCC_WARN_UNUSED_FUNCTION = YES;
				GCC_WARN_UNUSED_VARIABLE = YES;
				IPHONEOS_DEPLOYMENT_TARGET = 12.2;
				MTL_ENABLE_DEBUG_INFO = NO;
				MTL_FAST_MATH = YES;
				SDKROOT = iphoneos;
				SWIFT_COMPILATION_MODE = wholemodule;
				SWIFT_OPTIMIZATION_LEVEL = "-O";
				VALIDATE_PRODUCT = YES;
			};
			name = Release;
		};
		1FED6E4622B34C93002F9317 /* Debug */ = {
			isa = XCBuildConfiguration;
			buildSettings = {
				ASSETCATALOG_COMPILER_APPICON_NAME = AppIcon;
				CODE_SIGN_STYLE = Automatic;
				DEVELOPMENT_TEAM = AM89ND2ZY7;
				FRAMEWORK_SEARCH_PATHS = (
					"$(inherited)",
					"$(PROJECT_DIR)/Carthage/Build/iOS",
					"$(PROJECT_DIR)",
				);
				INFOPLIST_FILE = WebNovel/Info.plist;
				LD_RUNPATH_SEARCH_PATHS = (
					"$(inherited)",
					"@executable_path/Frameworks",
				);
				PRODUCT_BUNDLE_IDENTIFIER = com.jiachenren.WebNovel;
				PRODUCT_NAME = "$(TARGET_NAME)";
				SWIFT_VERSION = 5.0;
				TARGETED_DEVICE_FAMILY = "1,2";
			};
			name = Debug;
		};
		1FED6E4722B34C93002F9317 /* Release */ = {
			isa = XCBuildConfiguration;
			buildSettings = {
				ASSETCATALOG_COMPILER_APPICON_NAME = AppIcon;
				CODE_SIGN_STYLE = Automatic;
				DEVELOPMENT_TEAM = AM89ND2ZY7;
				FRAMEWORK_SEARCH_PATHS = (
					"$(inherited)",
					"$(PROJECT_DIR)/Carthage/Build/iOS",
					"$(PROJECT_DIR)",
				);
				INFOPLIST_FILE = WebNovel/Info.plist;
				LD_RUNPATH_SEARCH_PATHS = (
					"$(inherited)",
					"@executable_path/Frameworks",
				);
				PRODUCT_BUNDLE_IDENTIFIER = com.jiachenren.WebNovel;
				PRODUCT_NAME = "$(TARGET_NAME)";
				SWIFT_VERSION = 5.0;
				TARGETED_DEVICE_FAMILY = "1,2";
			};
			name = Release;
		};
		1FED6E5422B34E0F002F9317 /* Debug */ = {
			isa = XCBuildConfiguration;
			buildSettings = {
				BUNDLE_LOADER = "$(TEST_HOST)";
				CODE_SIGN_STYLE = Automatic;
				DEVELOPMENT_TEAM = AM89ND2ZY7;
				FRAMEWORK_SEARCH_PATHS = (
					"$(inherited)",
					"$(PROJECT_DIR)/Carthage/Build/iOS",
					"$(PROJECT_DIR)",
				);
				INFOPLIST_FILE = WebNovelTests/Info.plist;
				LD_RUNPATH_SEARCH_PATHS = (
					"$(inherited)",
					"@executable_path/Frameworks",
					"@loader_path/Frameworks",
				);
				PRODUCT_BUNDLE_IDENTIFIER = com.jiachenren.WebNovelTests;
				PRODUCT_NAME = "$(TARGET_NAME)";
				SWIFT_VERSION = 5.0;
				TARGETED_DEVICE_FAMILY = "1,2";
				TEST_HOST = "$(BUILT_PRODUCTS_DIR)/WebNovel.app/WebNovel";
			};
			name = Debug;
		};
		1FED6E5522B34E0F002F9317 /* Release */ = {
			isa = XCBuildConfiguration;
			buildSettings = {
				BUNDLE_LOADER = "$(TEST_HOST)";
				CODE_SIGN_STYLE = Automatic;
				DEVELOPMENT_TEAM = AM89ND2ZY7;
				FRAMEWORK_SEARCH_PATHS = (
					"$(inherited)",
					"$(PROJECT_DIR)/Carthage/Build/iOS",
					"$(PROJECT_DIR)",
				);
				INFOPLIST_FILE = WebNovelTests/Info.plist;
				LD_RUNPATH_SEARCH_PATHS = (
					"$(inherited)",
					"@executable_path/Frameworks",
					"@loader_path/Frameworks",
				);
				PRODUCT_BUNDLE_IDENTIFIER = com.jiachenren.WebNovelTests;
				PRODUCT_NAME = "$(TARGET_NAME)";
				SWIFT_VERSION = 5.0;
				TARGETED_DEVICE_FAMILY = "1,2";
				TEST_HOST = "$(BUILT_PRODUCTS_DIR)/WebNovel.app/WebNovel";
			};
			name = Release;
		};
/* End XCBuildConfiguration section */

/* Begin XCConfigurationList section */
		1FED6E2B22B34C92002F9317 /* Build configuration list for PBXProject "WebNovel" */ = {
			isa = XCConfigurationList;
			buildConfigurations = (
				1FED6E4322B34C93002F9317 /* Debug */,
				1FED6E4422B34C93002F9317 /* Release */,
			);
			defaultConfigurationIsVisible = 0;
			defaultConfigurationName = Release;
		};
		1FED6E4522B34C93002F9317 /* Build configuration list for PBXNativeTarget "WebNovel" */ = {
			isa = XCConfigurationList;
			buildConfigurations = (
				1FED6E4622B34C93002F9317 /* Debug */,
				1FED6E4722B34C93002F9317 /* Release */,
			);
			defaultConfigurationIsVisible = 0;
			defaultConfigurationName = Release;
		};
		1FED6E5322B34E0F002F9317 /* Build configuration list for PBXNativeTarget "WebNovelTests" */ = {
			isa = XCConfigurationList;
			buildConfigurations = (
				1FED6E5422B34E0F002F9317 /* Debug */,
				1FED6E5522B34E0F002F9317 /* Release */,
			);
			defaultConfigurationIsVisible = 0;
			defaultConfigurationName = Release;
		};
/* End XCConfigurationList section */

/* Begin XCVersionGroup section */
		1FED6E3A22B34C92002F9317 /* WebNovel.xcdatamodeld */ = {
			isa = XCVersionGroup;
			children = (
				1FED6E3B22B34C92002F9317 /* WebNovel.xcdatamodel */,
			);
			currentVersion = 1FED6E3B22B34C92002F9317 /* WebNovel.xcdatamodel */;
			path = WebNovel.xcdatamodeld;
			sourceTree = "<group>";
			versionGroupType = wrapper.xcdatamodel;
		};
/* End XCVersionGroup section */
	};
	rootObject = 1FED6E2822B34C92002F9317 /* Project object */;
}
